// !$*UTF8*$!
{
	archiveVersion = 1;
	classes = {
	};
	objectVersion = 56;
	objects = {

/* Begin PBXBuildFile section */
		1F4D23162B2DC1FD003B5EC7 /* HackLandModel.swift in Sources */ = {isa = PBXBuildFile; fileRef = 1F4D23152B2DC1FD003B5EC7 /* HackLandModel.swift */; };
		1F4D23192B2DC214003B5EC7 /* HackLandViewModel.swift in Sources */ = {isa = PBXBuildFile; fileRef = 1F4D23182B2DC214003B5EC7 /* HackLandViewModel.swift */; };
		1F4D231D2B2DC2BD003B5EC7 /* TextStyles.swift in Sources */ = {isa = PBXBuildFile; fileRef = 1F4D231C2B2DC2BD003B5EC7 /* TextStyles.swift */; };
		1F4D23212B2DC5EF003B5EC7 /* Hack_Land.swift in Sources */ = {isa = PBXBuildFile; fileRef = 1F4D23202B2DC5EF003B5EC7 /* Hack_Land.swift */; };
		1F4D23232B2E21A9003B5EC7 /* LeaderboardModel.swift in Sources */ = {isa = PBXBuildFile; fileRef = 1F4D23222B2E21A9003B5EC7 /* LeaderboardModel.swift */; };
		1F4D23252B2E21FE003B5EC7 /* LeaderboardViewModel.swift in Sources */ = {isa = PBXBuildFile; fileRef = 1F4D23242B2E21FE003B5EC7 /* LeaderboardViewModel.swift */; };
		7F27AF5A2B2379B000827166 /* CrewCraftersApp.swift in Sources */ = {isa = PBXBuildFile; fileRef = 7F27AF592B2379B000827166 /* CrewCraftersApp.swift */; };
		7F27AF5C2B2379B000827166 /* ContentView.swift in Sources */ = {isa = PBXBuildFile; fileRef = 7F27AF5B2B2379B000827166 /* ContentView.swift */; };
		7F27AF5E2B2379B100827166 /* Assets.xcassets in Resources */ = {isa = PBXBuildFile; fileRef = 7F27AF5D2B2379B100827166 /* Assets.xcassets */; };
		7F27AF612B2379B100827166 /* Preview Assets.xcassets in Resources */ = {isa = PBXBuildFile; fileRef = 7F27AF602B2379B100827166 /* Preview Assets.xcassets */; };
		7F3B79D42B24DFBF008E03C8 /* Search.swift in Sources */ = {isa = PBXBuildFile; fileRef = 7F3B79D32B24DFBF008E03C8 /* Search.swift */; };
		7F3B79D62B24DFCD008E03C8 /* Profile.swift in Sources */ = {isa = PBXBuildFile; fileRef = 7F3B79D52B24DFCD008E03C8 /* Profile.swift */; };
		7F3B79DA2B24DFF3008E03C8 /* Hack_teams.swift in Sources */ = {isa = PBXBuildFile; fileRef = 7F3B79D92B24DFF3008E03C8 /* Hack_teams.swift */; };
		7F3B79DC2B24DFFD008E03C8 /* Team_info.swift in Sources */ = {isa = PBXBuildFile; fileRef = 7F3B79DB2B24DFFD008E03C8 /* Team_info.swift */; };
		7F3B79DE2B24E009008E03C8 /* Team_create.swift in Sources */ = {isa = PBXBuildFile; fileRef = 7F3B79DD2B24E009008E03C8 /* Team_create.swift */; };
		7F3B79E02B24E01A008E03C8 /* Settings.swift in Sources */ = {isa = PBXBuildFile; fileRef = 7F3B79DF2B24E01A008E03C8 /* Settings.swift */; };
		7F3B79E42B24E193008E03C8 /* Home.swift in Sources */ = {isa = PBXBuildFile; fileRef = 7F3B79E32B24E193008E03C8 /* Home.swift */; };
		7F3B79E62B24E4E4008E03C8 /* Leaderboard.swift in Sources */ = {isa = PBXBuildFile; fileRef = 7F3B79E52B24E4E4008E03C8 /* Leaderboard.swift */; };
/* End PBXBuildFile section */

/* Begin PBXFileReference section */
		1F4D23152B2DC1FD003B5EC7 /* HackLandModel.swift */ = {isa = PBXFileReference; fileEncoding = 4; lastKnownFileType = sourcecode.swift; path = HackLandModel.swift; sourceTree = "<group>"; };
		1F4D23182B2DC214003B5EC7 /* HackLandViewModel.swift */ = {isa = PBXFileReference; fileEncoding = 4; lastKnownFileType = sourcecode.swift; path = HackLandViewModel.swift; sourceTree = "<group>"; };
		1F4D231C2B2DC2BD003B5EC7 /* TextStyles.swift */ = {isa = PBXFileReference; lastKnownFileType = sourcecode.swift; path = TextStyles.swift; sourceTree = "<group>"; };
		1F4D23202B2DC5EF003B5EC7 /* Hack_Land.swift */ = {isa = PBXFileReference; lastKnownFileType = sourcecode.swift; path = Hack_Land.swift; sourceTree = "<group>"; };
		1F4D23222B2E21A9003B5EC7 /* LeaderboardModel.swift */ = {isa = PBXFileReference; lastKnownFileType = sourcecode.swift; path = LeaderboardModel.swift; sourceTree = "<group>"; };
		1F4D23242B2E21FE003B5EC7 /* LeaderboardViewModel.swift */ = {isa = PBXFileReference; lastKnownFileType = sourcecode.swift; path = LeaderboardViewModel.swift; sourceTree = "<group>"; };
		7F27AF562B2379B000827166 /* CrewCrafters.app */ = {isa = PBXFileReference; explicitFileType = wrapper.application; includeInIndex = 0; path = CrewCrafters.app; sourceTree = BUILT_PRODUCTS_DIR; };
		7F27AF592B2379B000827166 /* CrewCraftersApp.swift */ = {isa = PBXFileReference; lastKnownFileType = sourcecode.swift; path = CrewCraftersApp.swift; sourceTree = "<group>"; };
		7F27AF5B2B2379B000827166 /* ContentView.swift */ = {isa = PBXFileReference; lastKnownFileType = sourcecode.swift; path = ContentView.swift; sourceTree = "<group>"; };
		7F27AF5D2B2379B100827166 /* Assets.xcassets */ = {isa = PBXFileReference; lastKnownFileType = folder.assetcatalog; path = Assets.xcassets; sourceTree = "<group>"; };
		7F27AF602B2379B100827166 /* Preview Assets.xcassets */ = {isa = PBXFileReference; lastKnownFileType = folder.assetcatalog; path = "Preview Assets.xcassets"; sourceTree = "<group>"; };
		7F3B79D32B24DFBF008E03C8 /* Search.swift */ = {isa = PBXFileReference; lastKnownFileType = sourcecode.swift; path = Search.swift; sourceTree = "<group>"; };
		7F3B79D52B24DFCD008E03C8 /* Profile.swift */ = {isa = PBXFileReference; lastKnownFileType = sourcecode.swift; path = Profile.swift; sourceTree = "<group>"; };
		7F3B79D92B24DFF3008E03C8 /* Hack_teams.swift */ = {isa = PBXFileReference; lastKnownFileType = sourcecode.swift; path = Hack_teams.swift; sourceTree = "<group>"; };
		7F3B79DB2B24DFFD008E03C8 /* Team_info.swift */ = {isa = PBXFileReference; lastKnownFileType = sourcecode.swift; path = Team_info.swift; sourceTree = "<group>"; };
		7F3B79DD2B24E009008E03C8 /* Team_create.swift */ = {isa = PBXFileReference; lastKnownFileType = sourcecode.swift; path = Team_create.swift; sourceTree = "<group>"; };
		7F3B79DF2B24E01A008E03C8 /* Settings.swift */ = {isa = PBXFileReference; lastKnownFileType = sourcecode.swift; path = Settings.swift; sourceTree = "<group>"; };
		7F3B79E32B24E193008E03C8 /* Home.swift */ = {isa = PBXFileReference; lastKnownFileType = sourcecode.swift; path = Home.swift; sourceTree = "<group>"; };
		7F3B79E52B24E4E4008E03C8 /* Leaderboard.swift */ = {isa = PBXFileReference; lastKnownFileType = sourcecode.swift; path = Leaderboard.swift; sourceTree = "<group>"; };
/* End PBXFileReference section */

/* Begin PBXFrameworksBuildPhase section */
		7F27AF532B2379B000827166 /* Frameworks */ = {
			isa = PBXFrameworksBuildPhase;
			buildActionMask = 2147483647;
			files = (
			);
			runOnlyForDeploymentPostprocessing = 0;
		};
/* End PBXFrameworksBuildPhase section */

/* Begin PBXGroup section */
		1F4D23142B2DC1ED003B5EC7 /* Models */ = {
			isa = PBXGroup;
			children = (
				1F4D23152B2DC1FD003B5EC7 /* HackLandModel.swift */,
				1F4D23222B2E21A9003B5EC7 /* LeaderboardModel.swift */,
			);
			path = Models;
			sourceTree = "<group>";
		};
		1F4D23172B2DC200003B5EC7 /* ViewModels */ = {
			isa = PBXGroup;
			children = (
				1F4D23182B2DC214003B5EC7 /* HackLandViewModel.swift */,
				1F4D23242B2E21FE003B5EC7 /* LeaderboardViewModel.swift */,
			);
			path = ViewModels;
			sourceTree = "<group>";
		};
		7F27AF4D2B2379B000827166 = {
			isa = PBXGroup;
			children = (
				7F27AF582B2379B000827166 /* CrewCrafters */,
				7F27AF572B2379B000827166 /* Products */,
			);
			sourceTree = "<group>";
		};
		7F27AF572B2379B000827166 /* Products */ = {
			isa = PBXGroup;
			children = (
				7F27AF562B2379B000827166 /* CrewCrafters.app */,
			);
			name = Products;
			sourceTree = "<group>";
		};
		7F27AF582B2379B000827166 /* CrewCrafters */ = {
			isa = PBXGroup;
			children = (
				1F4D23172B2DC200003B5EC7 /* ViewModels */,
				1F4D23142B2DC1ED003B5EC7 /* Models */,
				7F3B79D22B24DF8B008E03C8 /*  Views */,
				7F27AF592B2379B000827166 /* CrewCraftersApp.swift */,
				7F27AF5B2B2379B000827166 /* ContentView.swift */,
				1F4D231C2B2DC2BD003B5EC7 /* TextStyles.swift */,
				7F27AF5D2B2379B100827166 /* Assets.xcassets */,
				7F27AF5F2B2379B100827166 /* Preview Content */,
			);
			path = CrewCrafters;
			sourceTree = "<group>";
		};
		7F27AF5F2B2379B100827166 /* Preview Content */ = {
			isa = PBXGroup;
			children = (
				7F27AF602B2379B100827166 /* Preview Assets.xcassets */,
			);
			path = "Preview Content";
			sourceTree = "<group>";
		};
		7F3B79D22B24DF8B008E03C8 /*  Views */ = {
			isa = PBXGroup;
			children = (
				7F3B79D32B24DFBF008E03C8 /* Search.swift */,
				7F3B79D52B24DFCD008E03C8 /* Profile.swift */,
				7F3B79D92B24DFF3008E03C8 /* Hack_teams.swift */,
				1F4D23202B2DC5EF003B5EC7 /* Hack_Land.swift */,
				7F3B79DB2B24DFFD008E03C8 /* Team_info.swift */,
				7F3B79DD2B24E009008E03C8 /* Team_create.swift */,
				7F3B79DF2B24E01A008E03C8 /* Settings.swift */,
				7F3B79E32B24E193008E03C8 /* Home.swift */,
				7F3B79E52B24E4E4008E03C8 /* Leaderboard.swift */,
			);
			path = " Views";
			sourceTree = "<group>";
		};
/* End PBXGroup section */

/* Begin PBXNativeTarget section */
		7F27AF552B2379B000827166 /* CrewCrafters */ = {
			isa = PBXNativeTarget;
			buildConfigurationList = 7F27AF642B2379B100827166 /* Build configuration list for PBXNativeTarget "CrewCrafters" */;
			buildPhases = (
				7F27AF522B2379B000827166 /* Sources */,
				7F27AF532B2379B000827166 /* Frameworks */,
				7F27AF542B2379B000827166 /* Resources */,
			);
			buildRules = (
			);
			dependencies = (
			);
			name = CrewCrafters;
			productName = CrewCrafters;
			productReference = 7F27AF562B2379B000827166 /* CrewCrafters.app */;
			productType = "com.apple.product-type.application";
		};
/* End PBXNativeTarget section */

/* Begin PBXProject section */
		7F27AF4E2B2379B000827166 /* Project object */ = {
			isa = PBXProject;
			attributes = {
				BuildIndependentTargetsInParallel = 1;
				LastSwiftUpdateCheck = 1500;
				LastUpgradeCheck = 1500;
				TargetAttributes = {
					7F27AF552B2379B000827166 = {
						CreatedOnToolsVersion = 15.0.1;
					};
				};
			};
			buildConfigurationList = 7F27AF512B2379B000827166 /* Build configuration list for PBXProject "CrewCrafters" */;
			compatibilityVersion = "Xcode 14.0";
			developmentRegion = en;
			hasScannedForEncodings = 0;
			knownRegions = (
				en,
				Base,
			);
			mainGroup = 7F27AF4D2B2379B000827166;
			productRefGroup = 7F27AF572B2379B000827166 /* Products */;
			projectDirPath = "";
			projectRoot = "";
			targets = (
				7F27AF552B2379B000827166 /* CrewCrafters */,
			);
		};
/* End PBXProject section */

/* Begin PBXResourcesBuildPhase section */
		7F27AF542B2379B000827166 /* Resources */ = {
			isa = PBXResourcesBuildPhase;
			buildActionMask = 2147483647;
			files = (
				7F27AF612B2379B100827166 /* Preview Assets.xcassets in Resources */,
				7F27AF5E2B2379B100827166 /* Assets.xcassets in Resources */,
			);
			runOnlyForDeploymentPostprocessing = 0;
		};
/* End PBXResourcesBuildPhase section */

/* Begin PBXSourcesBuildPhase section */
		7F27AF522B2379B000827166 /* Sources */ = {
			isa = PBXSourcesBuildPhase;
			buildActionMask = 2147483647;
			files = (
				7F3B79D42B24DFBF008E03C8 /* Search.swift in Sources */,
				1F4D23162B2DC1FD003B5EC7 /* HackLandModel.swift in Sources */,
				7F3B79D62B24DFCD008E03C8 /* Profile.swift in Sources */,
				7F3B79E62B24E4E4008E03C8 /* Leaderboard.swift in Sources */,
				7F3B79E42B24E193008E03C8 /* Home.swift in Sources */,
				1F4D23212B2DC5EF003B5EC7 /* Hack_Land.swift in Sources */,
				1F4D23252B2E21FE003B5EC7 /* LeaderboardViewModel.swift in Sources */,
				7F3B79DC2B24DFFD008E03C8 /* Team_info.swift in Sources */,
				1F4D23192B2DC214003B5EC7 /* HackLandViewModel.swift in Sources */,
				7F27AF5C2B2379B000827166 /* ContentView.swift in Sources */,
				7F3B79DA2B24DFF3008E03C8 /* Hack_teams.swift in Sources */,
				1F4D23232B2E21A9003B5EC7 /* LeaderboardModel.swift in Sources */,
				1F4D231D2B2DC2BD003B5EC7 /* TextStyles.swift in Sources */,
				7F3B79E02B24E01A008E03C8 /* Settings.swift in Sources */,
				7F3B79DE2B24E009008E03C8 /* Team_create.swift in Sources */,
				7F27AF5A2B2379B000827166 /* CrewCraftersApp.swift in Sources */,
			);
			runOnlyForDeploymentPostprocessing = 0;
		};
/* End PBXSourcesBuildPhase section */

/* Begin XCBuildConfiguration section */
		7F27AF622B2379B100827166 /* Debug */ = {
			isa = XCBuildConfiguration;
			buildSettings = {
				ALWAYS_SEARCH_USER_PATHS = NO;
				ASSETCATALOG_COMPILER_GENERATE_SWIFT_ASSET_SYMBOL_EXTENSIONS = YES;
				CLANG_ANALYZER_NONNULL = YES;
				CLANG_ANALYZER_NUMBER_OBJECT_CONVERSION = YES_AGGRESSIVE;
				CLANG_CXX_LANGUAGE_STANDARD = "gnu++20";
				CLANG_ENABLE_MODULES = YES;
				CLANG_ENABLE_OBJC_ARC = YES;
				CLANG_ENABLE_OBJC_WEAK = YES;
				CLANG_WARN_BLOCK_CAPTURE_AUTORELEASING = YES;
				CLANG_WARN_BOOL_CONVERSION = YES;
				CLANG_WARN_COMMA = YES;
				CLANG_WARN_CONSTANT_CONVERSION = YES;
				CLANG_WARN_DEPRECATED_OBJC_IMPLEMENTATIONS = YES;
				CLANG_WARN_DIRECT_OBJC_ISA_USAGE = YES_ERROR;
				CLANG_WARN_DOCUMENTATION_COMMENTS = YES;
				CLANG_WARN_EMPTY_BODY = YES;
				CLANG_WARN_ENUM_CONVERSION = YES;
				CLANG_WARN_INFINITE_RECURSION = YES;
				CLANG_WARN_INT_CONVERSION = YES;
				CLANG_WARN_NON_LITERAL_NULL_CONVERSION = YES;
				CLANG_WARN_OBJC_IMPLICIT_RETAIN_SELF = YES;
				CLANG_WARN_OBJC_LITERAL_CONVERSION = YES;
				CLANG_WARN_OBJC_ROOT_CLASS = YES_ERROR;
				CLANG_WARN_QUOTED_INCLUDE_IN_FRAMEWORK_HEADER = YES;
				CLANG_WARN_RANGE_LOOP_ANALYSIS = YES;
				CLANG_WARN_STRICT_PROTOTYPES = YES;
				CLANG_WARN_SUSPICIOUS_MOVE = YES;
				CLANG_WARN_UNGUARDED_AVAILABILITY = YES_AGGRESSIVE;
				CLANG_WARN_UNREACHABLE_CODE = YES;
				CLANG_WARN__DUPLICATE_METHOD_MATCH = YES;
				COPY_PHASE_STRIP = NO;
				DEBUG_INFORMATION_FORMAT = dwarf;
				ENABLE_STRICT_OBJC_MSGSEND = YES;
				ENABLE_TESTABILITY = YES;
				ENABLE_USER_SCRIPT_SANDBOXING = YES;
				GCC_C_LANGUAGE_STANDARD = gnu17;
				GCC_DYNAMIC_NO_PIC = NO;
				GCC_NO_COMMON_BLOCKS = YES;
				GCC_OPTIMIZATION_LEVEL = 0;
				GCC_PREPROCESSOR_DEFINITIONS = (
					"DEBUG=1",
					"$(inherited)",
				);
				GCC_WARN_64_TO_32_BIT_CONVERSION = YES;
				GCC_WARN_ABOUT_RETURN_TYPE = YES_ERROR;
				GCC_WARN_UNDECLARED_SELECTOR = YES;
				GCC_WARN_UNINITIALIZED_AUTOS = YES_AGGRESSIVE;
				GCC_WARN_UNUSED_FUNCTION = YES;
				GCC_WARN_UNUSED_VARIABLE = YES;
				IPHONEOS_DEPLOYMENT_TARGET = 17.0;
				LOCALIZATION_PREFERS_STRING_CATALOGS = YES;
				MTL_ENABLE_DEBUG_INFO = INCLUDE_SOURCE;
				MTL_FAST_MATH = YES;
				ONLY_ACTIVE_ARCH = YES;
				SDKROOT = iphoneos;
				SWIFT_ACTIVE_COMPILATION_CONDITIONS = "DEBUG $(inherited)";
				SWIFT_OPTIMIZATION_LEVEL = "-Onone";
			};
			name = Debug;
		};
		7F27AF632B2379B100827166 /* Release */ = {
			isa = XCBuildConfiguration;
			buildSettings = {
				ALWAYS_SEARCH_USER_PATHS = NO;
				ASSETCATALOG_COMPILER_GENERATE_SWIFT_ASSET_SYMBOL_EXTENSIONS = YES;
				CLANG_ANALYZER_NONNULL = YES;
				CLANG_ANALYZER_NUMBER_OBJECT_CONVERSION = YES_AGGRESSIVE;
				CLANG_CXX_LANGUAGE_STANDARD = "gnu++20";
				CLANG_ENABLE_MODULES = YES;
				CLANG_ENABLE_OBJC_ARC = YES;
				CLANG_ENABLE_OBJC_WEAK = YES;
				CLANG_WARN_BLOCK_CAPTURE_AUTORELEASING = YES;
				CLANG_WARN_BOOL_CONVERSION = YES;
				CLANG_WARN_COMMA = YES;
				CLANG_WARN_CONSTANT_CONVERSION = YES;
				CLANG_WARN_DEPRECATED_OBJC_IMPLEMENTATIONS = YES;
				CLANG_WARN_DIRECT_OBJC_ISA_USAGE = YES_ERROR;
				CLANG_WARN_DOCUMENTATION_COMMENTS = YES;
				CLANG_WARN_EMPTY_BODY = YES;
				CLANG_WARN_ENUM_CONVERSION = YES;
				CLANG_WARN_INFINITE_RECURSION = YES;
				CLANG_WARN_INT_CONVERSION = YES;
				CLANG_WARN_NON_LITERAL_NULL_CONVERSION = YES;
				CLANG_WARN_OBJC_IMPLICIT_RETAIN_SELF = YES;
				CLANG_WARN_OBJC_LITERAL_CONVERSION = YES;
				CLANG_WARN_OBJC_ROOT_CLASS = YES_ERROR;
				CLANG_WARN_QUOTED_INCLUDE_IN_FRAMEWORK_HEADER = YES;
				CLANG_WARN_RANGE_LOOP_ANALYSIS = YES;
				CLANG_WARN_STRICT_PROTOTYPES = YES;
				CLANG_WARN_SUSPICIOUS_MOVE = YES;
				CLANG_WARN_UNGUARDED_AVAILABILITY = YES_AGGRESSIVE;
				CLANG_WARN_UNREACHABLE_CODE = YES;
				CLANG_WARN__DUPLICATE_METHOD_MATCH = YES;
				COPY_PHASE_STRIP = NO;
				DEBUG_INFORMATION_FORMAT = "dwarf-with-dsym";
				ENABLE_NS_ASSERTIONS = NO;
				ENABLE_STRICT_OBJC_MSGSEND = YES;
				ENABLE_USER_SCRIPT_SANDBOXING = YES;
				GCC_C_LANGUAGE_STANDARD = gnu17;
				GCC_NO_COMMON_BLOCKS = YES;
				GCC_WARN_64_TO_32_BIT_CONVERSION = YES;
				GCC_WARN_ABOUT_RETURN_TYPE = YES_ERROR;
				GCC_WARN_UNDECLARED_SELECTOR = YES;
				GCC_WARN_UNINITIALIZED_AUTOS = YES_AGGRESSIVE;
				GCC_WARN_UNUSED_FUNCTION = YES;
				GCC_WARN_UNUSED_VARIABLE = YES;
				IPHONEOS_DEPLOYMENT_TARGET = 17.0;
				LOCALIZATION_PREFERS_STRING_CATALOGS = YES;
				MTL_ENABLE_DEBUG_INFO = NO;
				MTL_FAST_MATH = YES;
				SDKROOT = iphoneos;
				SWIFT_COMPILATION_MODE = wholemodule;
				VALIDATE_PRODUCT = YES;
			};
			name = Release;
		};
		7F27AF652B2379B100827166 /* Debug */ = {
			isa = XCBuildConfiguration;
			buildSettings = {
				ASSETCATALOG_COMPILER_APPICON_NAME = AppIcon;
				ASSETCATALOG_COMPILER_GLOBAL_ACCENT_COLOR_NAME = AccentColor;
				CODE_SIGN_STYLE = Automatic;
				CURRENT_PROJECT_VERSION = 1;
				DEVELOPMENT_ASSET_PATHS = "\"CrewCrafters/Preview Content\"";
				ENABLE_PREVIEWS = YES;
				GENERATE_INFOPLIST_FILE = YES;
				INFOPLIST_KEY_UIApplicationSceneManifest_Generation = YES;
				INFOPLIST_KEY_UIApplicationSupportsIndirectInputEvents = YES;
				INFOPLIST_KEY_UILaunchScreen_Generation = YES;
				INFOPLIST_KEY_UISupportedInterfaceOrientations_iPad = "UIInterfaceOrientationPortrait UIInterfaceOrientationPortraitUpsideDown UIInterfaceOrientationLandscapeLeft UIInterfaceOrientationLandscapeRight";
				INFOPLIST_KEY_UISupportedInterfaceOrientations_iPhone = "UIInterfaceOrientationPortrait UIInterfaceOrientationLandscapeLeft UIInterfaceOrientationLandscapeRight";
				LD_RUNPATH_SEARCH_PATHS = (
					"$(inherited)",
					"@executable_path/Frameworks",
				);
				MARKETING_VERSION = 1.0;
				PRODUCT_BUNDLE_IDENTIFIER = srmist.edu.in.CrewCrafters;
				PRODUCT_NAME = "$(TARGET_NAME)";
				SWIFT_EMIT_LOC_STRINGS = YES;
				SWIFT_VERSION = 5.0;
				TARGETED_DEVICE_FAMILY = "1,2";
			};
			name = Debug;
		};
		7F27AF662B2379B100827166 /* Release */ = {
			isa = XCBuildConfiguration;
			buildSettings = {
				ASSETCATALOG_COMPILER_APPICON_NAME = AppIcon;
				ASSETCATALOG_COMPILER_GLOBAL_ACCENT_COLOR_NAME = AccentColor;
				CODE_SIGN_STYLE = Automatic;
				CURRENT_PROJECT_VERSION = 1;
				DEVELOPMENT_ASSET_PATHS = "\"CrewCrafters/Preview Content\"";
				ENABLE_PREVIEWS = YES;
				GENERATE_INFOPLIST_FILE = YES;
				INFOPLIST_KEY_UIApplicationSceneManifest_Generation = YES;
				INFOPLIST_KEY_UIApplicationSupportsIndirectInputEvents = YES;
				INFOPLIST_KEY_UILaunchScreen_Generation = YES;
				INFOPLIST_KEY_UISupportedInterfaceOrientations_iPad = "UIInterfaceOrientationPortrait UIInterfaceOrientationPortraitUpsideDown UIInterfaceOrientationLandscapeLeft UIInterfaceOrientationLandscapeRight";
				INFOPLIST_KEY_UISupportedInterfaceOrientations_iPhone = "UIInterfaceOrientationPortrait UIInterfaceOrientationLandscapeLeft UIInterfaceOrientationLandscapeRight";
				LD_RUNPATH_SEARCH_PATHS = (
					"$(inherited)",
					"@executable_path/Frameworks",
				);
				MARKETING_VERSION = 1.0;
				PRODUCT_BUNDLE_IDENTIFIER = srmist.edu.in.CrewCrafters;
				PRODUCT_NAME = "$(TARGET_NAME)";
				SWIFT_EMIT_LOC_STRINGS = YES;
				SWIFT_VERSION = 5.0;
				TARGETED_DEVICE_FAMILY = "1,2";
			};
			name = Release;
		};
/* End XCBuildConfiguration section */

/* Begin XCConfigurationList section */
		7F27AF512B2379B000827166 /* Build configuration list for PBXProject "CrewCrafters" */ = {
			isa = XCConfigurationList;
			buildConfigurations = (
				7F27AF622B2379B100827166 /* Debug */,
				7F27AF632B2379B100827166 /* Release */,
			);
			defaultConfigurationIsVisible = 0;
			defaultConfigurationName = Release;
		};
		7F27AF642B2379B100827166 /* Build configuration list for PBXNativeTarget "CrewCrafters" */ = {
			isa = XCConfigurationList;
			buildConfigurations = (
				7F27AF652B2379B100827166 /* Debug */,
				7F27AF662B2379B100827166 /* Release */,
			);
			defaultConfigurationIsVisible = 0;
			defaultConfigurationName = Release;
		};
/* End XCConfigurationList section */
	};
	rootObject = 7F27AF4E2B2379B000827166 /* Project object */;
}
