// !$*UTF8*$!
{
	archiveVersion = 1;
	classes = {
	};
	objectVersion = 56;
	objects = {

/* Begin PBXBuildFile section */
		1F115C332B5803B400227CD8 /* Organiser_Home.swift in Sources */ = {isa = PBXBuildFile; fileRef = 1F115C322B5803B400227CD8 /* Organiser_Home.swift */; };
		1F115C372B582FC800227CD8 /* ParticipantHome.swift in Sources */ = {isa = PBXBuildFile; fileRef = 1F115C362B582FC800227CD8 /* ParticipantHome.swift */; };
		1F115C392B584E8500227CD8 /* OnboardingViewModel.swift in Sources */ = {isa = PBXBuildFile; fileRef = 1F115C382B584E8500227CD8 /* OnboardingViewModel.swift */; };
		1F115C3B2B597CA100227CD8 /* OrganiserTabView.swift in Sources */ = {isa = PBXBuildFile; fileRef = 1F115C3A2B597CA100227CD8 /* OrganiserTabView.swift */; };
		1F2AE5902B343814004852AA /* SettingsViewModel.swift in Sources */ = {isa = PBXBuildFile; fileRef = 1F2AE58F2B343814004852AA /* SettingsViewModel.swift */; };
		1F2AE5942B3438A7004852AA /* SettingModel.swift in Sources */ = {isa = PBXBuildFile; fileRef = 1F2AE5932B3438A7004852AA /* SettingModel.swift */; };
		1F377BE62B557C9E00424028 /* Organiser_Create.swift in Sources */ = {isa = PBXBuildFile; fileRef = 1F377BE52B557C9E00424028 /* Organiser_Create.swift */; };
		1F377BE82B55B0AC00424028 /* ImagePicker.swift in Sources */ = {isa = PBXBuildFile; fileRef = 1F377BE72B55B0AC00424028 /* ImagePicker.swift */; };
		1F377BEC2B55BD2100424028 /* SignInWithAppleButtonView.swift in Sources */ = {isa = PBXBuildFile; fileRef = 1F377BEB2B55BD2100424028 /* SignInWithAppleButtonView.swift */; };
		1F4D231D2B2DC2BD003B5EC7 /* TextStyles.swift in Sources */ = {isa = PBXBuildFile; fileRef = 1F4D231C2B2DC2BD003B5EC7 /* TextStyles.swift */; };
		1F4D23212B2DC5EF003B5EC7 /* Hack_Land.swift in Sources */ = {isa = PBXBuildFile; fileRef = 1F4D23202B2DC5EF003B5EC7 /* Hack_Land.swift */; };
		1F4D23232B2E21A9003B5EC7 /* LeaderboardModel.swift in Sources */ = {isa = PBXBuildFile; fileRef = 1F4D23222B2E21A9003B5EC7 /* LeaderboardModel.swift */; };
		1F4D23252B2E21FE003B5EC7 /* LeaderboardViewModel.swift in Sources */ = {isa = PBXBuildFile; fileRef = 1F4D23242B2E21FE003B5EC7 /* LeaderboardViewModel.swift */; };
		1F5A7A752B7A0C060068014A /* GoogleService-Info.plist in Resources */ = {isa = PBXBuildFile; fileRef = 1F5A7A742B7A0C060068014A /* GoogleService-Info.plist */; };
		1F6ECDE62B63C439005C065F /* HackathonModel.swift in Sources */ = {isa = PBXBuildFile; fileRef = 1F6ECDE52B63C439005C065F /* HackathonModel.swift */; };
		1F6ECDE82B63C664005C065F /* HackathonViewModel.swift in Sources */ = {isa = PBXBuildFile; fileRef = 1F6ECDE72B63C664005C065F /* HackathonViewModel.swift */; };
		1FA3910C2B3C35B70094D805 /* GoogleSignIn in Frameworks */ = {isa = PBXBuildFile; productRef = 1FA3910B2B3C35B70094D805 /* GoogleSignIn */; };
		1FA3910E2B3C35B70094D805 /* GoogleSignInSwift in Frameworks */ = {isa = PBXBuildFile; productRef = 1FA3910D2B3C35B70094D805 /* GoogleSignInSwift */; };
		1FBA16372B3F09D30064829C /* Onboarding.swift in Sources */ = {isa = PBXBuildFile; fileRef = 1FBA16362B3F09D30064829C /* Onboarding.swift */; };
		1FBA163A2B3F0EC80064829C /* PrimaryButton.swift in Sources */ = {isa = PBXBuildFile; fileRef = 1FBA16392B3F0EC80064829C /* PrimaryButton.swift */; };
		1FBA16422B3F112F0064829C /* GoogleSignInButtonView.swift in Sources */ = {isa = PBXBuildFile; fileRef = 1FBA16412B3F112F0064829C /* GoogleSignInButtonView.swift */; };
		1FCC7F3C2B400A4800D66078 /* NavigationButton.swift in Sources */ = {isa = PBXBuildFile; fileRef = 1FCC7F3B2B400A4800D66078 /* NavigationButton.swift */; };
		1FCC7F3E2B402BC200D66078 /* MainTabView.swift in Sources */ = {isa = PBXBuildFile; fileRef = 1FCC7F3D2B402BC200D66078 /* MainTabView.swift */; };
		1FCC7F402B402EAE00D66078 /* Notification.swift in Sources */ = {isa = PBXBuildFile; fileRef = 1FCC7F3F2B402EAE00D66078 /* Notification.swift */; };
		2BBEE6EF2B91C50000328FF1 /* ProfileViewModel.swift in Sources */ = {isa = PBXBuildFile; fileRef = 2BBEE6EE2B91C50000328FF1 /* ProfileViewModel.swift */; };
		2BBEE6F12B91C51300328FF1 /* ProfileModel.swift in Sources */ = {isa = PBXBuildFile; fileRef = 2BBEE6F02B91C51300328FF1 /* ProfileModel.swift */; };
		2BBEE6F32B92173D00328FF1 /* Profile_Create.swift in Sources */ = {isa = PBXBuildFile; fileRef = 2BBEE6F22B92173D00328FF1 /* Profile_Create.swift */; };
		7F23D3A02B39F0D4006B01BE /* Login.swift in Sources */ = {isa = PBXBuildFile; fileRef = 7F23D39F2B39F0D4006B01BE /* Login.swift */; };
		7F23D3A22B39F177006B01BE /* SignIn.swift in Sources */ = {isa = PBXBuildFile; fileRef = 7F23D3A12B39F177006B01BE /* SignIn.swift */; };
		7F27AF5A2B2379B000827166 /* CrewCraftersApp.swift in Sources */ = {isa = PBXBuildFile; fileRef = 7F27AF592B2379B000827166 /* CrewCraftersApp.swift */; };
		7F27AF5C2B2379B000827166 /* ContentView.swift in Sources */ = {isa = PBXBuildFile; fileRef = 7F27AF5B2B2379B000827166 /* ContentView.swift */; };
		7F27AF5E2B2379B100827166 /* Assets.xcassets in Resources */ = {isa = PBXBuildFile; fileRef = 7F27AF5D2B2379B100827166 /* Assets.xcassets */; };
		7F27AF612B2379B100827166 /* Preview Assets.xcassets in Resources */ = {isa = PBXBuildFile; fileRef = 7F27AF602B2379B100827166 /* Preview Assets.xcassets */; };
		7F3B79D42B24DFBF008E03C8 /* Search.swift in Sources */ = {isa = PBXBuildFile; fileRef = 7F3B79D32B24DFBF008E03C8 /* Search.swift */; };
		7F3B79D62B24DFCD008E03C8 /* Profile.swift in Sources */ = {isa = PBXBuildFile; fileRef = 7F3B79D52B24DFCD008E03C8 /* Profile.swift */; };
		7F3B79DA2B24DFF3008E03C8 /* Hack_Teams.swift in Sources */ = {isa = PBXBuildFile; fileRef = 7F3B79D92B24DFF3008E03C8 /* Hack_Teams.swift */; };
		7F3B79DC2B24DFFD008E03C8 /* Team_Info.swift in Sources */ = {isa = PBXBuildFile; fileRef = 7F3B79DB2B24DFFD008E03C8 /* Team_Info.swift */; };
		7F3B79DE2B24E009008E03C8 /* Team_Create.swift in Sources */ = {isa = PBXBuildFile; fileRef = 7F3B79DD2B24E009008E03C8 /* Team_Create.swift */; };
		7F3B79E02B24E01A008E03C8 /* Settings.swift in Sources */ = {isa = PBXBuildFile; fileRef = 7F3B79DF2B24E01A008E03C8 /* Settings.swift */; };
		7F3B79E62B24E4E4008E03C8 /* Leaderboard.swift in Sources */ = {isa = PBXBuildFile; fileRef = 7F3B79E52B24E4E4008E03C8 /* Leaderboard.swift */; };
		7F3FD46D2B5697F2000C43EB /* Admin_Home.swift in Sources */ = {isa = PBXBuildFile; fileRef = 7F3FD46C2B5697F2000C43EB /* Admin_Home.swift */; };
		7F3FD46F2B5699DC000C43EB /* Admin_Approved.swift in Sources */ = {isa = PBXBuildFile; fileRef = 7F3FD46E2B5699DC000C43EB /* Admin_Approved.swift */; };
		7FD6E0B92B59AC0100818D83 /* Apply_form.swift in Sources */ = {isa = PBXBuildFile; fileRef = 7FD6E0B82B59AC0100818D83 /* Apply_form.swift */; };
		7FEAB1AC2B871ADB00A692AC /* TeamsViewModel.swift in Sources */ = {isa = PBXBuildFile; fileRef = 7FEAB1AB2B871ADB00A692AC /* TeamsViewModel.swift */; };
		7FEAB1AE2B871AF500A692AC /* TeamsModel.swift in Sources */ = {isa = PBXBuildFile; fileRef = 7FEAB1AD2B871AF500A692AC /* TeamsModel.swift */; };
		93433A812B761BC500B79C58 /* FirebaseAnalytics in Frameworks */ = {isa = PBXBuildFile; productRef = 93433A802B761BC500B79C58 /* FirebaseAnalytics */; };
		93433A832B761BC500B79C58 /* FirebaseAnalyticsOnDeviceConversion in Frameworks */ = {isa = PBXBuildFile; productRef = 93433A822B761BC500B79C58 /* FirebaseAnalyticsOnDeviceConversion */; };
		93433A852B761BC500B79C58 /* FirebaseAnalyticsSwift in Frameworks */ = {isa = PBXBuildFile; productRef = 93433A842B761BC500B79C58 /* FirebaseAnalyticsSwift */; };
		93433A872B761BC500B79C58 /* FirebaseAnalyticsWithoutAdIdSupport in Frameworks */ = {isa = PBXBuildFile; productRef = 93433A862B761BC500B79C58 /* FirebaseAnalyticsWithoutAdIdSupport */; };
		93433A892B761BC500B79C58 /* FirebaseAppCheck in Frameworks */ = {isa = PBXBuildFile; productRef = 93433A882B761BC500B79C58 /* FirebaseAppCheck */; };
		93433A8B2B761C4100B79C58 /* FirebaseAnalytics in Frameworks */ = {isa = PBXBuildFile; productRef = 93433A8A2B761C4100B79C58 /* FirebaseAnalytics */; };
		93433A8D2B761C4100B79C58 /* FirebaseAnalyticsOnDeviceConversion in Frameworks */ = {isa = PBXBuildFile; productRef = 93433A8C2B761C4100B79C58 /* FirebaseAnalyticsOnDeviceConversion */; };
		93433A8F2B761C4100B79C58 /* FirebaseAnalyticsSwift in Frameworks */ = {isa = PBXBuildFile; productRef = 93433A8E2B761C4100B79C58 /* FirebaseAnalyticsSwift */; };
		93433A912B761C4100B79C58 /* FirebaseAnalyticsWithoutAdIdSupport in Frameworks */ = {isa = PBXBuildFile; productRef = 93433A902B761C4100B79C58 /* FirebaseAnalyticsWithoutAdIdSupport */; };
		93433A932B761C4100B79C58 /* FirebaseAppCheck in Frameworks */ = {isa = PBXBuildFile; productRef = 93433A922B761C4100B79C58 /* FirebaseAppCheck */; };
		93433A952B761C7500B79C58 /* FirebaseAnalytics in Frameworks */ = {isa = PBXBuildFile; productRef = 93433A942B761C7500B79C58 /* FirebaseAnalytics */; };
		93433A972B761C7500B79C58 /* FirebaseAnalyticsOnDeviceConversion in Frameworks */ = {isa = PBXBuildFile; productRef = 93433A962B761C7500B79C58 /* FirebaseAnalyticsOnDeviceConversion */; };
		93433A992B761C7500B79C58 /* FirebaseAnalyticsSwift in Frameworks */ = {isa = PBXBuildFile; productRef = 93433A982B761C7500B79C58 /* FirebaseAnalyticsSwift */; };
		93433A9B2B761C7500B79C58 /* FirebaseAnalyticsWithoutAdIdSupport in Frameworks */ = {isa = PBXBuildFile; productRef = 93433A9A2B761C7500B79C58 /* FirebaseAnalyticsWithoutAdIdSupport */; };
		93433A9D2B761C7500B79C58 /* FirebaseAppCheck in Frameworks */ = {isa = PBXBuildFile; productRef = 93433A9C2B761C7500B79C58 /* FirebaseAppCheck */; };
		93433AA22B7625EC00B79C58 /* FirebaseFirestore in Frameworks */ = {isa = PBXBuildFile; productRef = 93433AA12B7625EC00B79C58 /* FirebaseFirestore */; };
		93433AA42B76260700B79C58 /* FirebaseAuth in Frameworks */ = {isa = PBXBuildFile; productRef = 93433AA32B76260700B79C58 /* FirebaseAuth */; };
/* End PBXBuildFile section */

/* Begin PBXFileReference section */
		1F115C322B5803B400227CD8 /* Organiser_Home.swift */ = {isa = PBXFileReference; lastKnownFileType = sourcecode.swift; path = Organiser_Home.swift; sourceTree = "<group>"; };
		1F115C362B582FC800227CD8 /* ParticipantHome.swift */ = {isa = PBXFileReference; lastKnownFileType = sourcecode.swift; path = ParticipantHome.swift; sourceTree = "<group>"; };
		1F115C382B584E8500227CD8 /* OnboardingViewModel.swift */ = {isa = PBXFileReference; lastKnownFileType = sourcecode.swift; path = OnboardingViewModel.swift; sourceTree = "<group>"; };
		1F115C3A2B597CA100227CD8 /* OrganiserTabView.swift */ = {isa = PBXFileReference; lastKnownFileType = sourcecode.swift; path = OrganiserTabView.swift; sourceTree = "<group>"; };
		1F2AE58F2B343814004852AA /* SettingsViewModel.swift */ = {isa = PBXFileReference; lastKnownFileType = sourcecode.swift; path = SettingsViewModel.swift; sourceTree = "<group>"; };
		1F2AE5932B3438A7004852AA /* SettingModel.swift */ = {isa = PBXFileReference; lastKnownFileType = sourcecode.swift; path = SettingModel.swift; sourceTree = "<group>"; };
		1F377BE52B557C9E00424028 /* Organiser_Create.swift */ = {isa = PBXFileReference; lastKnownFileType = sourcecode.swift; path = Organiser_Create.swift; sourceTree = "<group>"; };
		1F377BE72B55B0AC00424028 /* ImagePicker.swift */ = {isa = PBXFileReference; lastKnownFileType = sourcecode.swift; path = ImagePicker.swift; sourceTree = "<group>"; };
		1F377BEB2B55BD2100424028 /* SignInWithAppleButtonView.swift */ = {isa = PBXFileReference; lastKnownFileType = sourcecode.swift; path = SignInWithAppleButtonView.swift; sourceTree = "<group>"; };
		1F4D231C2B2DC2BD003B5EC7 /* TextStyles.swift */ = {isa = PBXFileReference; lastKnownFileType = sourcecode.swift; path = TextStyles.swift; sourceTree = "<group>"; };
		1F4D23202B2DC5EF003B5EC7 /* Hack_Land.swift */ = {isa = PBXFileReference; lastKnownFileType = sourcecode.swift; path = Hack_Land.swift; sourceTree = "<group>"; };
		1F4D23222B2E21A9003B5EC7 /* LeaderboardModel.swift */ = {isa = PBXFileReference; lastKnownFileType = sourcecode.swift; path = LeaderboardModel.swift; sourceTree = "<group>"; };
		1F4D23242B2E21FE003B5EC7 /* LeaderboardViewModel.swift */ = {isa = PBXFileReference; lastKnownFileType = sourcecode.swift; path = LeaderboardViewModel.swift; sourceTree = "<group>"; };
		1F5A7A742B7A0C060068014A /* GoogleService-Info.plist */ = {isa = PBXFileReference; fileEncoding = 4; lastKnownFileType = text.plist.xml; path = "GoogleService-Info.plist"; sourceTree = "<group>"; };
		1F6ECDE52B63C439005C065F /* HackathonModel.swift */ = {isa = PBXFileReference; lastKnownFileType = sourcecode.swift; path = HackathonModel.swift; sourceTree = "<group>"; };
		1F6ECDE72B63C664005C065F /* HackathonViewModel.swift */ = {isa = PBXFileReference; lastKnownFileType = sourcecode.swift; path = HackathonViewModel.swift; sourceTree = "<group>"; };
		1FA3910F2B3C36120094D805 /* Info.plist */ = {isa = PBXFileReference; lastKnownFileType = text.plist; path = Info.plist; sourceTree = "<group>"; };
		1FBA16362B3F09D30064829C /* Onboarding.swift */ = {isa = PBXFileReference; lastKnownFileType = sourcecode.swift; path = Onboarding.swift; sourceTree = "<group>"; };
		1FBA16392B3F0EC80064829C /* PrimaryButton.swift */ = {isa = PBXFileReference; lastKnownFileType = sourcecode.swift; path = PrimaryButton.swift; sourceTree = "<group>"; };
		1FBA16412B3F112F0064829C /* GoogleSignInButtonView.swift */ = {isa = PBXFileReference; lastKnownFileType = sourcecode.swift; path = GoogleSignInButtonView.swift; sourceTree = "<group>"; };
		1FCC7F3B2B400A4800D66078 /* NavigationButton.swift */ = {isa = PBXFileReference; fileEncoding = 4; lastKnownFileType = sourcecode.swift; path = NavigationButton.swift; sourceTree = "<group>"; };
		1FCC7F3D2B402BC200D66078 /* MainTabView.swift */ = {isa = PBXFileReference; lastKnownFileType = sourcecode.swift; path = MainTabView.swift; sourceTree = "<group>"; };
		1FCC7F3F2B402EAE00D66078 /* Notification.swift */ = {isa = PBXFileReference; lastKnownFileType = sourcecode.swift; path = Notification.swift; sourceTree = "<group>"; };
		2BBEE6EE2B91C50000328FF1 /* ProfileViewModel.swift */ = {isa = PBXFileReference; lastKnownFileType = sourcecode.swift; path = ProfileViewModel.swift; sourceTree = "<group>"; };
		2BBEE6F02B91C51300328FF1 /* ProfileModel.swift */ = {isa = PBXFileReference; lastKnownFileType = sourcecode.swift; path = ProfileModel.swift; sourceTree = "<group>"; };
		2BBEE6F22B92173D00328FF1 /* Profile_Create.swift */ = {isa = PBXFileReference; lastKnownFileType = sourcecode.swift; path = Profile_Create.swift; sourceTree = "<group>"; };
		7F23D39F2B39F0D4006B01BE /* Login.swift */ = {isa = PBXFileReference; lastKnownFileType = sourcecode.swift; path = Login.swift; sourceTree = "<group>"; };
		7F23D3A12B39F177006B01BE /* SignIn.swift */ = {isa = PBXFileReference; lastKnownFileType = sourcecode.swift; path = SignIn.swift; sourceTree = "<group>"; };
		7F27AF562B2379B000827166 /* CrewCrafters.app */ = {isa = PBXFileReference; explicitFileType = wrapper.application; includeInIndex = 0; path = CrewCrafters.app; sourceTree = BUILT_PRODUCTS_DIR; };
		7F27AF592B2379B000827166 /* CrewCraftersApp.swift */ = {isa = PBXFileReference; lastKnownFileType = sourcecode.swift; path = CrewCraftersApp.swift; sourceTree = "<group>"; };
		7F27AF5B2B2379B000827166 /* ContentView.swift */ = {isa = PBXFileReference; lastKnownFileType = sourcecode.swift; path = ContentView.swift; sourceTree = "<group>"; };
		7F27AF5D2B2379B100827166 /* Assets.xcassets */ = {isa = PBXFileReference; lastKnownFileType = folder.assetcatalog; path = Assets.xcassets; sourceTree = "<group>"; };
		7F27AF602B2379B100827166 /* Preview Assets.xcassets */ = {isa = PBXFileReference; lastKnownFileType = folder.assetcatalog; path = "Preview Assets.xcassets"; sourceTree = "<group>"; };
		7F3B79D32B24DFBF008E03C8 /* Search.swift */ = {isa = PBXFileReference; lastKnownFileType = sourcecode.swift; path = Search.swift; sourceTree = "<group>"; };
		7F3B79D52B24DFCD008E03C8 /* Profile.swift */ = {isa = PBXFileReference; lastKnownFileType = sourcecode.swift; path = Profile.swift; sourceTree = "<group>"; };
		7F3B79D92B24DFF3008E03C8 /* Hack_Teams.swift */ = {isa = PBXFileReference; lastKnownFileType = sourcecode.swift; path = Hack_Teams.swift; sourceTree = "<group>"; };
		7F3B79DB2B24DFFD008E03C8 /* Team_Info.swift */ = {isa = PBXFileReference; lastKnownFileType = sourcecode.swift; path = Team_Info.swift; sourceTree = "<group>"; };
		7F3B79DD2B24E009008E03C8 /* Team_Create.swift */ = {isa = PBXFileReference; lastKnownFileType = sourcecode.swift; path = Team_Create.swift; sourceTree = "<group>"; };
		7F3B79DF2B24E01A008E03C8 /* Settings.swift */ = {isa = PBXFileReference; lastKnownFileType = sourcecode.swift; path = Settings.swift; sourceTree = "<group>"; };
		7F3B79E52B24E4E4008E03C8 /* Leaderboard.swift */ = {isa = PBXFileReference; lastKnownFileType = sourcecode.swift; path = Leaderboard.swift; sourceTree = "<group>"; };
		7F3FD46C2B5697F2000C43EB /* Admin_Home.swift */ = {isa = PBXFileReference; lastKnownFileType = sourcecode.swift; path = Admin_Home.swift; sourceTree = "<group>"; };
		7F3FD46E2B5699DC000C43EB /* Admin_Approved.swift */ = {isa = PBXFileReference; lastKnownFileType = sourcecode.swift; path = Admin_Approved.swift; sourceTree = "<group>"; };
		7FD6E0B82B59AC0100818D83 /* Apply_form.swift */ = {isa = PBXFileReference; lastKnownFileType = sourcecode.swift; path = Apply_form.swift; sourceTree = "<group>"; };
		7FEAB1AB2B871ADB00A692AC /* TeamsViewModel.swift */ = {isa = PBXFileReference; lastKnownFileType = sourcecode.swift; path = TeamsViewModel.swift; sourceTree = "<group>"; };
		7FEAB1AD2B871AF500A692AC /* TeamsModel.swift */ = {isa = PBXFileReference; lastKnownFileType = sourcecode.swift; path = TeamsModel.swift; sourceTree = "<group>"; };
/* End PBXFileReference section */

/* Begin PBXFrameworksBuildPhase section */
		7F27AF532B2379B000827166 /* Frameworks */ = {
			isa = PBXFrameworksBuildPhase;
			buildActionMask = 2147483647;
			files = (
				1FA3910C2B3C35B70094D805 /* GoogleSignIn in Frameworks */,
				93433A9D2B761C7500B79C58 /* FirebaseAppCheck in Frameworks */,
				93433A872B761BC500B79C58 /* FirebaseAnalyticsWithoutAdIdSupport in Frameworks */,
				93433A8B2B761C4100B79C58 /* FirebaseAnalytics in Frameworks */,
				93433A972B761C7500B79C58 /* FirebaseAnalyticsOnDeviceConversion in Frameworks */,
				93433AA22B7625EC00B79C58 /* FirebaseFirestore in Frameworks */,
				1FA3910E2B3C35B70094D805 /* GoogleSignInSwift in Frameworks */,
				93433A952B761C7500B79C58 /* FirebaseAnalytics in Frameworks */,
				93433A932B761C4100B79C58 /* FirebaseAppCheck in Frameworks */,
				93433A9B2B761C7500B79C58 /* FirebaseAnalyticsWithoutAdIdSupport in Frameworks */,
				93433A912B761C4100B79C58 /* FirebaseAnalyticsWithoutAdIdSupport in Frameworks */,
				93433A8F2B761C4100B79C58 /* FirebaseAnalyticsSwift in Frameworks */,
				93433A992B761C7500B79C58 /* FirebaseAnalyticsSwift in Frameworks */,
				93433AA42B76260700B79C58 /* FirebaseAuth in Frameworks */,
				93433A8D2B761C4100B79C58 /* FirebaseAnalyticsOnDeviceConversion in Frameworks */,
				93433A812B761BC500B79C58 /* FirebaseAnalytics in Frameworks */,
				93433A892B761BC500B79C58 /* FirebaseAppCheck in Frameworks */,
				93433A832B761BC500B79C58 /* FirebaseAnalyticsOnDeviceConversion in Frameworks */,
				93433A852B761BC500B79C58 /* FirebaseAnalyticsSwift in Frameworks */,
			);
			runOnlyForDeploymentPostprocessing = 0;
		};
/* End PBXFrameworksBuildPhase section */

/* Begin PBXGroup section */
		1F115C282B5801FC00227CD8 /* Participant */ = {
			isa = PBXGroup;
			children = (
				1F115C2A2B58022000227CD8 /* Models */,
				1F115C2C2B58023100227CD8 /* Views */,
				1F115C2B2B58022800227CD8 /* ViewModels */,
			);
			path = Participant;
			sourceTree = "<group>";
		};
		1F115C292B58021700227CD8 /* Organiser */ = {
			isa = PBXGroup;
			children = (
				1F115C2E2B58029100227CD8 /* Views */,
			);
			path = Organiser;
			sourceTree = "<group>";
		};
		1F115C2A2B58022000227CD8 /* Models */ = {
			isa = PBXGroup;
			children = (
				1F4D23222B2E21A9003B5EC7 /* LeaderboardModel.swift */,
				7FEAB1AD2B871AF500A692AC /* TeamsModel.swift */,
				1F2AE5932B3438A7004852AA /* SettingModel.swift */,
				2BBEE6F02B91C51300328FF1 /* ProfileModel.swift */,
			);
			path = Models;
			sourceTree = "<group>";
		};
		1F115C2B2B58022800227CD8 /* ViewModels */ = {
			isa = PBXGroup;
			children = (
				1F4D23242B2E21FE003B5EC7 /* LeaderboardViewModel.swift */,
				7FEAB1AB2B871ADB00A692AC /* TeamsViewModel.swift */,
				1F2AE58F2B343814004852AA /* SettingsViewModel.swift */,
				2BBEE6EE2B91C50000328FF1 /* ProfileViewModel.swift */,
			);
			path = ViewModels;
			sourceTree = "<group>";
		};
		1F115C2C2B58023100227CD8 /* Views */ = {
			isa = PBXGroup;
			children = (
				7F3B79E52B24E4E4008E03C8 /* Leaderboard.swift */,
				7F3B79D32B24DFBF008E03C8 /* Search.swift */,
				7F3B79D52B24DFCD008E03C8 /* Profile.swift */,
				7F3B79D92B24DFF3008E03C8 /* Hack_Teams.swift */,
				1F4D23202B2DC5EF003B5EC7 /* Hack_Land.swift */,
				7FD6E0B82B59AC0100818D83 /* Apply_form.swift */,
				7F3B79DB2B24DFFD008E03C8 /* Team_Info.swift */,
				7F3B79DD2B24E009008E03C8 /* Team_Create.swift */,
				1F115C362B582FC800227CD8 /* ParticipantHome.swift */,
			);
			path = Views;
			sourceTree = "<group>";
		};
		1F115C2E2B58029100227CD8 /* Views */ = {
			isa = PBXGroup;
			children = (
				1F377BE52B557C9E00424028 /* Organiser_Create.swift */,
				1F115C322B5803B400227CD8 /* Organiser_Home.swift */,
				1F115C3A2B597CA100227CD8 /* OrganiserTabView.swift */,
			);
			path = Views;
			sourceTree = "<group>";
		};
		1F115C302B5802CE00227CD8 /* Admin */ = {
			isa = PBXGroup;
			children = (
				1F115C312B5802D900227CD8 /* Views */,
			);
			path = Admin;
			sourceTree = "<group>";
		};
		1F115C312B5802D900227CD8 /* Views */ = {
			isa = PBXGroup;
			children = (
				7F3FD46C2B5697F2000C43EB /* Admin_Home.swift */,
				7F3FD46E2B5699DC000C43EB /* Admin_Approved.swift */,
			);
			path = Views;
			sourceTree = "<group>";
		};
		1FBA16382B3F0E9F0064829C /* Buttons */ = {
			isa = PBXGroup;
			children = (
				1FCC7F3B2B400A4800D66078 /* NavigationButton.swift */,
				1FBA16392B3F0EC80064829C /* PrimaryButton.swift */,
				1FBA16412B3F112F0064829C /* GoogleSignInButtonView.swift */,
				1F377BEB2B55BD2100424028 /* SignInWithAppleButtonView.swift */,
			);
			path = Buttons;
			sourceTree = "<group>";
		};
		7F27AF4D2B2379B000827166 = {
			isa = PBXGroup;
			children = (
				7F27AF582B2379B000827166 /* CrewCrafters */,
				7F27AF572B2379B000827166 /* Products */,
				93433AA02B7625EC00B79C58 /* Frameworks */,
			);
			sourceTree = "<group>";
		};
		7F27AF572B2379B000827166 /* Products */ = {
			isa = PBXGroup;
			children = (
				7F27AF562B2379B000827166 /* CrewCrafters.app */,
			);
			name = Products;
			sourceTree = "<group>";
		};
		7F27AF582B2379B000827166 /* CrewCrafters */ = {
			isa = PBXGroup;
			children = (
				1F5A7A742B7A0C060068014A /* GoogleService-Info.plist */,
				1F115C302B5802CE00227CD8 /* Admin */,
				1F115C292B58021700227CD8 /* Organiser */,
				1F115C282B5801FC00227CD8 /* Participant */,
				7F3B79D22B24DF8B008E03C8 /*  Views */,
				1FBA16382B3F0E9F0064829C /* Buttons */,
				1F115C382B584E8500227CD8 /* OnboardingViewModel.swift */,
				7F27AF592B2379B000827166 /* CrewCraftersApp.swift */,
				7F27AF5B2B2379B000827166 /* ContentView.swift */,
				1F4D231C2B2DC2BD003B5EC7 /* TextStyles.swift */,
				1FA3910F2B3C36120094D805 /* Info.plist */,
				7F27AF5D2B2379B100827166 /* Assets.xcassets */,
				7F27AF5F2B2379B100827166 /* Preview Content */,
				1F6ECDE52B63C439005C065F /* HackathonModel.swift */,
				1F6ECDE72B63C664005C065F /* HackathonViewModel.swift */,
			);
			path = CrewCrafters;
			sourceTree = "<group>";
		};
		7F27AF5F2B2379B100827166 /* Preview Content */ = {
			isa = PBXGroup;
			children = (
				7F27AF602B2379B100827166 /* Preview Assets.xcassets */,
			);
			path = "Preview Content";
			sourceTree = "<group>";
		};
		7F3B79D22B24DF8B008E03C8 /*  Views */ = {
			isa = PBXGroup;
			children = (
				7F23D3A12B39F177006B01BE /* SignIn.swift */,
				7F3B79DF2B24E01A008E03C8 /* Settings.swift */,
				7F23D39F2B39F0D4006B01BE /* Login.swift */,
				1FBA16362B3F09D30064829C /* Onboarding.swift */,
				1FCC7F3D2B402BC200D66078 /* MainTabView.swift */,
				1FCC7F3F2B402EAE00D66078 /* Notification.swift */,
				1F377BE72B55B0AC00424028 /* ImagePicker.swift */,
				2BBEE6F22B92173D00328FF1 /* Profile_Create.swift */,
			);
			path = " Views";
			sourceTree = "<group>";
		};
		93433AA02B7625EC00B79C58 /* Frameworks */ = {
			isa = PBXGroup;
			children = (
			);
			name = Frameworks;
			sourceTree = "<group>";
		};
/* End PBXGroup section */

/* Begin PBXNativeTarget section */
		7F27AF552B2379B000827166 /* CrewCrafters */ = {
			isa = PBXNativeTarget;
			buildConfigurationList = 7F27AF642B2379B100827166 /* Build configuration list for PBXNativeTarget "CrewCrafters" */;
			buildPhases = (
				7F27AF522B2379B000827166 /* Sources */,
				7F27AF532B2379B000827166 /* Frameworks */,
				7F27AF542B2379B000827166 /* Resources */,
			);
			buildRules = (
			);
			dependencies = (
			);
			name = CrewCrafters;
			packageProductDependencies = (
				1FA3910B2B3C35B70094D805 /* GoogleSignIn */,
				1FA3910D2B3C35B70094D805 /* GoogleSignInSwift */,
				93433A802B761BC500B79C58 /* FirebaseAnalytics */,
				93433A822B761BC500B79C58 /* FirebaseAnalyticsOnDeviceConversion */,
				93433A842B761BC500B79C58 /* FirebaseAnalyticsSwift */,
				93433A862B761BC500B79C58 /* FirebaseAnalyticsWithoutAdIdSupport */,
				93433A882B761BC500B79C58 /* FirebaseAppCheck */,
				93433A8A2B761C4100B79C58 /* FirebaseAnalytics */,
				93433A8C2B761C4100B79C58 /* FirebaseAnalyticsOnDeviceConversion */,
				93433A8E2B761C4100B79C58 /* FirebaseAnalyticsSwift */,
				93433A902B761C4100B79C58 /* FirebaseAnalyticsWithoutAdIdSupport */,
				93433A922B761C4100B79C58 /* FirebaseAppCheck */,
				93433A942B761C7500B79C58 /* FirebaseAnalytics */,
				93433A962B761C7500B79C58 /* FirebaseAnalyticsOnDeviceConversion */,
				93433A982B761C7500B79C58 /* FirebaseAnalyticsSwift */,
				93433A9A2B761C7500B79C58 /* FirebaseAnalyticsWithoutAdIdSupport */,
				93433A9C2B761C7500B79C58 /* FirebaseAppCheck */,
				93433AA12B7625EC00B79C58 /* FirebaseFirestore */,
				93433AA32B76260700B79C58 /* FirebaseAuth */,
			);
			productName = CrewCrafters;
			productReference = 7F27AF562B2379B000827166 /* CrewCrafters.app */;
			productType = "com.apple.product-type.application";
		};
/* End PBXNativeTarget section */

/* Begin PBXProject section */
		7F27AF4E2B2379B000827166 /* Project object */ = {
			isa = PBXProject;
			attributes = {
				BuildIndependentTargetsInParallel = 1;
				LastSwiftUpdateCheck = 1500;
				LastUpgradeCheck = 1500;
				TargetAttributes = {
					7F27AF552B2379B000827166 = {
						CreatedOnToolsVersion = 15.0.1;
					};
				};
			};
			buildConfigurationList = 7F27AF512B2379B000827166 /* Build configuration list for PBXProject "CrewCrafters" */;
			compatibilityVersion = "Xcode 14.0";
			developmentRegion = en;
			hasScannedForEncodings = 0;
			knownRegions = (
				en,
				Base,
			);
			mainGroup = 7F27AF4D2B2379B000827166;
			packageReferences = (
				1FA3910A2B3C35B70094D805 /* XCRemoteSwiftPackageReference "GoogleSignIn-iOS" */,
				93433A7F2B761BC500B79C58 /* XCRemoteSwiftPackageReference "firebase-ios-sdk" */,
			);
			productRefGroup = 7F27AF572B2379B000827166 /* Products */;
			projectDirPath = "";
			projectRoot = "";
			targets = (
				7F27AF552B2379B000827166 /* CrewCrafters */,
			);
		};
/* End PBXProject section */

/* Begin PBXResourcesBuildPhase section */
		7F27AF542B2379B000827166 /* Resources */ = {
			isa = PBXResourcesBuildPhase;
			buildActionMask = 2147483647;
			files = (
				7F27AF612B2379B100827166 /* Preview Assets.xcassets in Resources */,
				7F27AF5E2B2379B100827166 /* Assets.xcassets in Resources */,
				1F5A7A752B7A0C060068014A /* GoogleService-Info.plist in Resources */,
			);
			runOnlyForDeploymentPostprocessing = 0;
		};
/* End PBXResourcesBuildPhase section */

/* Begin PBXSourcesBuildPhase section */
		7F27AF522B2379B000827166 /* Sources */ = {
			isa = PBXSourcesBuildPhase;
			buildActionMask = 2147483647;
			files = (
				2BBEE6F12B91C51300328FF1 /* ProfileModel.swift in Sources */,
				7F3B79D42B24DFBF008E03C8 /* Search.swift in Sources */,
				1FCC7F3E2B402BC200D66078 /* MainTabView.swift in Sources */,
				7F3B79D62B24DFCD008E03C8 /* Profile.swift in Sources */,
				1F115C3B2B597CA100227CD8 /* OrganiserTabView.swift in Sources */,
				1F115C372B582FC800227CD8 /* ParticipantHome.swift in Sources */,
				1F115C392B584E8500227CD8 /* OnboardingViewModel.swift in Sources */,
				7F3B79E62B24E4E4008E03C8 /* Leaderboard.swift in Sources */,
				1F4D23212B2DC5EF003B5EC7 /* Hack_Land.swift in Sources */,
				1F4D23252B2E21FE003B5EC7 /* LeaderboardViewModel.swift in Sources */,
				1F115C332B5803B400227CD8 /* Organiser_Home.swift in Sources */,
				2BBEE6F32B92173D00328FF1 /* Profile_Create.swift in Sources */,
				7F23D3A22B39F177006B01BE /* SignIn.swift in Sources */,
				1F2AE5942B3438A7004852AA /* SettingModel.swift in Sources */,
				7F3FD46D2B5697F2000C43EB /* Admin_Home.swift in Sources */,
				1F6ECDE82B63C664005C065F /* HackathonViewModel.swift in Sources */,
				7F3B79DC2B24DFFD008E03C8 /* Team_Info.swift in Sources */,
				1F6ECDE62B63C439005C065F /* HackathonModel.swift in Sources */,
				1F2AE5902B343814004852AA /* SettingsViewModel.swift in Sources */,
				7FEAB1AC2B871ADB00A692AC /* TeamsViewModel.swift in Sources */,
				1FBA16422B3F112F0064829C /* GoogleSignInButtonView.swift in Sources */,
				7F27AF5C2B2379B000827166 /* ContentView.swift in Sources */,
				2BBEE6EF2B91C50000328FF1 /* ProfileViewModel.swift in Sources */,
				7F3B79DA2B24DFF3008E03C8 /* Hack_Teams.swift in Sources */,
				1F377BEC2B55BD2100424028 /* SignInWithAppleButtonView.swift in Sources */,
				1F377BE82B55B0AC00424028 /* ImagePicker.swift in Sources */,
				7F23D3A02B39F0D4006B01BE /* Login.swift in Sources */,
				1F4D23232B2E21A9003B5EC7 /* LeaderboardModel.swift in Sources */,
				1FBA16372B3F09D30064829C /* Onboarding.swift in Sources */,
				1F4D231D2B2DC2BD003B5EC7 /* TextStyles.swift in Sources */,
				7F3B79E02B24E01A008E03C8 /* Settings.swift in Sources */,
				7FD6E0B92B59AC0100818D83 /* Apply_form.swift in Sources */,
				7FEAB1AE2B871AF500A692AC /* TeamsModel.swift in Sources */,
				7F3B79DE2B24E009008E03C8 /* Team_Create.swift in Sources */,
				1F377BE62B557C9E00424028 /* Organiser_Create.swift in Sources */,
				1FBA163A2B3F0EC80064829C /* PrimaryButton.swift in Sources */,
				1FCC7F402B402EAE00D66078 /* Notification.swift in Sources */,
				7F27AF5A2B2379B000827166 /* CrewCraftersApp.swift in Sources */,
				7F3FD46F2B5699DC000C43EB /* Admin_Approved.swift in Sources */,
				1FCC7F3C2B400A4800D66078 /* NavigationButton.swift in Sources */,
			);
			runOnlyForDeploymentPostprocessing = 0;
		};
/* End PBXSourcesBuildPhase section */

/* Begin XCBuildConfiguration section */
		7F27AF622B2379B100827166 /* Debug */ = {
			isa = XCBuildConfiguration;
			buildSettings = {
				ALWAYS_SEARCH_USER_PATHS = NO;
				ASSETCATALOG_COMPILER_GENERATE_SWIFT_ASSET_SYMBOL_EXTENSIONS = YES;
				CLANG_ANALYZER_NONNULL = YES;
				CLANG_ANALYZER_NUMBER_OBJECT_CONVERSION = YES_AGGRESSIVE;
				CLANG_CXX_LANGUAGE_STANDARD = "gnu++20";
				CLANG_ENABLE_MODULES = YES;
				CLANG_ENABLE_OBJC_ARC = YES;
				CLANG_ENABLE_OBJC_WEAK = YES;
				CLANG_WARN_BLOCK_CAPTURE_AUTORELEASING = YES;
				CLANG_WARN_BOOL_CONVERSION = YES;
				CLANG_WARN_COMMA = YES;
				CLANG_WARN_CONSTANT_CONVERSION = YES;
				CLANG_WARN_DEPRECATED_OBJC_IMPLEMENTATIONS = YES;
				CLANG_WARN_DIRECT_OBJC_ISA_USAGE = YES_ERROR;
				CLANG_WARN_DOCUMENTATION_COMMENTS = YES;
				CLANG_WARN_EMPTY_BODY = YES;
				CLANG_WARN_ENUM_CONVERSION = YES;
				CLANG_WARN_INFINITE_RECURSION = YES;
				CLANG_WARN_INT_CONVERSION = YES;
				CLANG_WARN_NON_LITERAL_NULL_CONVERSION = YES;
				CLANG_WARN_OBJC_IMPLICIT_RETAIN_SELF = YES;
				CLANG_WARN_OBJC_LITERAL_CONVERSION = YES;
				CLANG_WARN_OBJC_ROOT_CLASS = YES_ERROR;
				CLANG_WARN_QUOTED_INCLUDE_IN_FRAMEWORK_HEADER = YES;
				CLANG_WARN_RANGE_LOOP_ANALYSIS = YES;
				CLANG_WARN_STRICT_PROTOTYPES = YES;
				CLANG_WARN_SUSPICIOUS_MOVE = YES;
				CLANG_WARN_UNGUARDED_AVAILABILITY = YES_AGGRESSIVE;
				CLANG_WARN_UNREACHABLE_CODE = YES;
				CLANG_WARN__DUPLICATE_METHOD_MATCH = YES;
				COPY_PHASE_STRIP = NO;
				DEBUG_INFORMATION_FORMAT = dwarf;
				ENABLE_STRICT_OBJC_MSGSEND = YES;
				ENABLE_TESTABILITY = YES;
				ENABLE_USER_SCRIPT_SANDBOXING = YES;
				GCC_C_LANGUAGE_STANDARD = gnu17;
				GCC_DYNAMIC_NO_PIC = NO;
				GCC_NO_COMMON_BLOCKS = YES;
				GCC_OPTIMIZATION_LEVEL = 0;
				GCC_PREPROCESSOR_DEFINITIONS = (
					"DEBUG=1",
					"$(inherited)",
				);
				GCC_WARN_64_TO_32_BIT_CONVERSION = YES;
				GCC_WARN_ABOUT_RETURN_TYPE = YES_ERROR;
				GCC_WARN_UNDECLARED_SELECTOR = YES;
				GCC_WARN_UNINITIALIZED_AUTOS = YES_AGGRESSIVE;
				GCC_WARN_UNUSED_FUNCTION = YES;
				GCC_WARN_UNUSED_VARIABLE = YES;
				IPHONEOS_DEPLOYMENT_TARGET = 17.0;
				LOCALIZATION_PREFERS_STRING_CATALOGS = YES;
				MTL_ENABLE_DEBUG_INFO = INCLUDE_SOURCE;
				MTL_FAST_MATH = YES;
				ONLY_ACTIVE_ARCH = YES;
				SDKROOT = iphoneos;
				SWIFT_ACTIVE_COMPILATION_CONDITIONS = "DEBUG $(inherited)";
				SWIFT_OPTIMIZATION_LEVEL = "-Onone";
			};
			name = Debug;
		};
		7F27AF632B2379B100827166 /* Release */ = {
			isa = XCBuildConfiguration;
			buildSettings = {
				ALWAYS_SEARCH_USER_PATHS = NO;
				ASSETCATALOG_COMPILER_GENERATE_SWIFT_ASSET_SYMBOL_EXTENSIONS = YES;
				CLANG_ANALYZER_NONNULL = YES;
				CLANG_ANALYZER_NUMBER_OBJECT_CONVERSION = YES_AGGRESSIVE;
				CLANG_CXX_LANGUAGE_STANDARD = "gnu++20";
				CLANG_ENABLE_MODULES = YES;
				CLANG_ENABLE_OBJC_ARC = YES;
				CLANG_ENABLE_OBJC_WEAK = YES;
				CLANG_WARN_BLOCK_CAPTURE_AUTORELEASING = YES;
				CLANG_WARN_BOOL_CONVERSION = YES;
				CLANG_WARN_COMMA = YES;
				CLANG_WARN_CONSTANT_CONVERSION = YES;
				CLANG_WARN_DEPRECATED_OBJC_IMPLEMENTATIONS = YES;
				CLANG_WARN_DIRECT_OBJC_ISA_USAGE = YES_ERROR;
				CLANG_WARN_DOCUMENTATION_COMMENTS = YES;
				CLANG_WARN_EMPTY_BODY = YES;
				CLANG_WARN_ENUM_CONVERSION = YES;
				CLANG_WARN_INFINITE_RECURSION = YES;
				CLANG_WARN_INT_CONVERSION = YES;
				CLANG_WARN_NON_LITERAL_NULL_CONVERSION = YES;
				CLANG_WARN_OBJC_IMPLICIT_RETAIN_SELF = YES;
				CLANG_WARN_OBJC_LITERAL_CONVERSION = YES;
				CLANG_WARN_OBJC_ROOT_CLASS = YES_ERROR;
				CLANG_WARN_QUOTED_INCLUDE_IN_FRAMEWORK_HEADER = YES;
				CLANG_WARN_RANGE_LOOP_ANALYSIS = YES;
				CLANG_WARN_STRICT_PROTOTYPES = YES;
				CLANG_WARN_SUSPICIOUS_MOVE = YES;
				CLANG_WARN_UNGUARDED_AVAILABILITY = YES_AGGRESSIVE;
				CLANG_WARN_UNREACHABLE_CODE = YES;
				CLANG_WARN__DUPLICATE_METHOD_MATCH = YES;
				COPY_PHASE_STRIP = NO;
				DEBUG_INFORMATION_FORMAT = "dwarf-with-dsym";
				ENABLE_NS_ASSERTIONS = NO;
				ENABLE_STRICT_OBJC_MSGSEND = YES;
				ENABLE_USER_SCRIPT_SANDBOXING = YES;
				GCC_C_LANGUAGE_STANDARD = gnu17;
				GCC_NO_COMMON_BLOCKS = YES;
				GCC_WARN_64_TO_32_BIT_CONVERSION = YES;
				GCC_WARN_ABOUT_RETURN_TYPE = YES_ERROR;
				GCC_WARN_UNDECLARED_SELECTOR = YES;
				GCC_WARN_UNINITIALIZED_AUTOS = YES_AGGRESSIVE;
				GCC_WARN_UNUSED_FUNCTION = YES;
				GCC_WARN_UNUSED_VARIABLE = YES;
				IPHONEOS_DEPLOYMENT_TARGET = 17.0;
				LOCALIZATION_PREFERS_STRING_CATALOGS = YES;
				MTL_ENABLE_DEBUG_INFO = NO;
				MTL_FAST_MATH = YES;
				SDKROOT = iphoneos;
				SWIFT_COMPILATION_MODE = wholemodule;
				VALIDATE_PRODUCT = YES;
			};
			name = Release;
		};
		7F27AF652B2379B100827166 /* Debug */ = {
			isa = XCBuildConfiguration;
			buildSettings = {
				ASSETCATALOG_COMPILER_APPICON_NAME = AppIcon;
				ASSETCATALOG_COMPILER_GLOBAL_ACCENT_COLOR_NAME = AccentColor;
				CODE_SIGN_STYLE = Automatic;
				CURRENT_PROJECT_VERSION = 1;
				DEVELOPMENT_ASSET_PATHS = "\"CrewCrafters/Preview Content\"";
				DEVELOPMENT_TEAM = ALSMBZDCM8;
				ENABLE_PREVIEWS = YES;
				GENERATE_INFOPLIST_FILE = YES;
				INFOPLIST_FILE = CrewCrafters/Info.plist;
				INFOPLIST_KEY_CFBundleDisplayName = Crewcrafter;
				INFOPLIST_KEY_UIApplicationSceneManifest_Generation = YES;
				INFOPLIST_KEY_UIApplicationSupportsIndirectInputEvents = YES;
				INFOPLIST_KEY_UILaunchScreen_Generation = YES;
				INFOPLIST_KEY_UISupportedInterfaceOrientations = "UIInterfaceOrientationLandscapeLeft UIInterfaceOrientationLandscapeRight UIInterfaceOrientationPortrait";
				LD_RUNPATH_SEARCH_PATHS = (
					"$(inherited)",
					"@executable_path/Frameworks",
				);
				MARKETING_VERSION = 1.0;
				PRODUCT_BUNDLE_IDENTIFIER = srmist.edu.in.CrewCrafters;
				PRODUCT_NAME = "$(TARGET_NAME)";
				SUPPORTED_PLATFORMS = "iphoneos iphonesimulator";
				SUPPORTS_MACCATALYST = NO;
				SUPPORTS_MAC_DESIGNED_FOR_IPHONE_IPAD = NO;
				SUPPORTS_XR_DESIGNED_FOR_IPHONE_IPAD = NO;
				SWIFT_EMIT_LOC_STRINGS = YES;
				SWIFT_VERSION = 5.0;
				TARGETED_DEVICE_FAMILY = "1,2";
			};
			name = Debug;
		};
		7F27AF662B2379B100827166 /* Release */ = {
			isa = XCBuildConfiguration;
			buildSettings = {
				ASSETCATALOG_COMPILER_APPICON_NAME = AppIcon;
				ASSETCATALOG_COMPILER_GLOBAL_ACCENT_COLOR_NAME = AccentColor;
				CODE_SIGN_STYLE = Automatic;
				CURRENT_PROJECT_VERSION = 1;
				DEVELOPMENT_ASSET_PATHS = "\"CrewCrafters/Preview Content\"";
				DEVELOPMENT_TEAM = ALSMBZDCM8;
				ENABLE_PREVIEWS = YES;
				GENERATE_INFOPLIST_FILE = YES;
				INFOPLIST_FILE = CrewCrafters/Info.plist;
				INFOPLIST_KEY_CFBundleDisplayName = Crewcrafter;
				INFOPLIST_KEY_UIApplicationSceneManifest_Generation = YES;
				INFOPLIST_KEY_UIApplicationSupportsIndirectInputEvents = YES;
				INFOPLIST_KEY_UILaunchScreen_Generation = YES;
				INFOPLIST_KEY_UISupportedInterfaceOrientations = "UIInterfaceOrientationLandscapeLeft UIInterfaceOrientationLandscapeRight UIInterfaceOrientationPortrait";
				LD_RUNPATH_SEARCH_PATHS = (
					"$(inherited)",
					"@executable_path/Frameworks",
				);
				MARKETING_VERSION = 1.0;
				PRODUCT_BUNDLE_IDENTIFIER = srmist.edu.in.CrewCrafters;
				PRODUCT_NAME = "$(TARGET_NAME)";
				SUPPORTED_PLATFORMS = "iphoneos iphonesimulator";
				SUPPORTS_MACCATALYST = NO;
				SUPPORTS_MAC_DESIGNED_FOR_IPHONE_IPAD = NO;
				SUPPORTS_XR_DESIGNED_FOR_IPHONE_IPAD = NO;
				SWIFT_EMIT_LOC_STRINGS = YES;
				SWIFT_VERSION = 5.0;
				TARGETED_DEVICE_FAMILY = "1,2";
			};
			name = Release;
		};
/* End XCBuildConfiguration section */

/* Begin XCConfigurationList section */
		7F27AF512B2379B000827166 /* Build configuration list for PBXProject "CrewCrafters" */ = {
			isa = XCConfigurationList;
			buildConfigurations = (
				7F27AF622B2379B100827166 /* Debug */,
				7F27AF632B2379B100827166 /* Release */,
			);
			defaultConfigurationIsVisible = 0;
			defaultConfigurationName = Release;
		};
		7F27AF642B2379B100827166 /* Build configuration list for PBXNativeTarget "CrewCrafters" */ = {
			isa = XCConfigurationList;
			buildConfigurations = (
				7F27AF652B2379B100827166 /* Debug */,
				7F27AF662B2379B100827166 /* Release */,
			);
			defaultConfigurationIsVisible = 0;
			defaultConfigurationName = Release;
		};
/* End XCConfigurationList section */

/* Begin XCRemoteSwiftPackageReference section */
		1FA3910A2B3C35B70094D805 /* XCRemoteSwiftPackageReference "GoogleSignIn-iOS" */ = {
			isa = XCRemoteSwiftPackageReference;
			repositoryURL = "https://github.com/google/GoogleSignIn-iOS";
			requirement = {
				kind = upToNextMajorVersion;
				minimumVersion = 7.0.0;
			};
		};
		93433A7F2B761BC500B79C58 /* XCRemoteSwiftPackageReference "firebase-ios-sdk" */ = {
			isa = XCRemoteSwiftPackageReference;
			repositoryURL = "https://github.com/firebase/firebase-ios-sdk";
			requirement = {
				kind = upToNextMajorVersion;
				minimumVersion = 10.21.0;
			};
		};
/* End XCRemoteSwiftPackageReference section */

/* Begin XCSwiftPackageProductDependency section */
		1FA3910B2B3C35B70094D805 /* GoogleSignIn */ = {
			isa = XCSwiftPackageProductDependency;
			package = 1FA3910A2B3C35B70094D805 /* XCRemoteSwiftPackageReference "GoogleSignIn-iOS" */;
			productName = GoogleSignIn;
		};
		1FA3910D2B3C35B70094D805 /* GoogleSignInSwift */ = {
			isa = XCSwiftPackageProductDependency;
			package = 1FA3910A2B3C35B70094D805 /* XCRemoteSwiftPackageReference "GoogleSignIn-iOS" */;
			productName = GoogleSignInSwift;
		};
		93433A802B761BC500B79C58 /* FirebaseAnalytics */ = {
			isa = XCSwiftPackageProductDependency;
			package = 93433A7F2B761BC500B79C58 /* XCRemoteSwiftPackageReference "firebase-ios-sdk" */;
			productName = FirebaseAnalytics;
		};
		93433A822B761BC500B79C58 /* FirebaseAnalyticsOnDeviceConversion */ = {
			isa = XCSwiftPackageProductDependency;
			package = 93433A7F2B761BC500B79C58 /* XCRemoteSwiftPackageReference "firebase-ios-sdk" */;
			productName = FirebaseAnalyticsOnDeviceConversion;
		};
		93433A842B761BC500B79C58 /* FirebaseAnalyticsSwift */ = {
			isa = XCSwiftPackageProductDependency;
			package = 93433A7F2B761BC500B79C58 /* XCRemoteSwiftPackageReference "firebase-ios-sdk" */;
			productName = FirebaseAnalyticsSwift;
		};
		93433A862B761BC500B79C58 /* FirebaseAnalyticsWithoutAdIdSupport */ = {
			isa = XCSwiftPackageProductDependency;
			package = 93433A7F2B761BC500B79C58 /* XCRemoteSwiftPackageReference "firebase-ios-sdk" */;
			productName = FirebaseAnalyticsWithoutAdIdSupport;
		};
		93433A882B761BC500B79C58 /* FirebaseAppCheck */ = {
			isa = XCSwiftPackageProductDependency;
			package = 93433A7F2B761BC500B79C58 /* XCRemoteSwiftPackageReference "firebase-ios-sdk" */;
			productName = FirebaseAppCheck;
		};
		93433A8A2B761C4100B79C58 /* FirebaseAnalytics */ = {
			isa = XCSwiftPackageProductDependency;
			package = 93433A7F2B761BC500B79C58 /* XCRemoteSwiftPackageReference "firebase-ios-sdk" */;
			productName = FirebaseAnalytics;
		};
		93433A8C2B761C4100B79C58 /* FirebaseAnalyticsOnDeviceConversion */ = {
			isa = XCSwiftPackageProductDependency;
			package = 93433A7F2B761BC500B79C58 /* XCRemoteSwiftPackageReference "firebase-ios-sdk" */;
			productName = FirebaseAnalyticsOnDeviceConversion;
		};
		93433A8E2B761C4100B79C58 /* FirebaseAnalyticsSwift */ = {
			isa = XCSwiftPackageProductDependency;
			package = 93433A7F2B761BC500B79C58 /* XCRemoteSwiftPackageReference "firebase-ios-sdk" */;
			productName = FirebaseAnalyticsSwift;
		};
		93433A902B761C4100B79C58 /* FirebaseAnalyticsWithoutAdIdSupport */ = {
			isa = XCSwiftPackageProductDependency;
			package = 93433A7F2B761BC500B79C58 /* XCRemoteSwiftPackageReference "firebase-ios-sdk" */;
			productName = FirebaseAnalyticsWithoutAdIdSupport;
		};
		93433A922B761C4100B79C58 /* FirebaseAppCheck */ = {
			isa = XCSwiftPackageProductDependency;
			package = 93433A7F2B761BC500B79C58 /* XCRemoteSwiftPackageReference "firebase-ios-sdk" */;
			productName = FirebaseAppCheck;
		};
		93433A942B761C7500B79C58 /* FirebaseAnalytics */ = {
			isa = XCSwiftPackageProductDependency;
			package = 93433A7F2B761BC500B79C58 /* XCRemoteSwiftPackageReference "firebase-ios-sdk" */;
			productName = FirebaseAnalytics;
		};
		93433A962B761C7500B79C58 /* FirebaseAnalyticsOnDeviceConversion */ = {
			isa = XCSwiftPackageProductDependency;
			package = 93433A7F2B761BC500B79C58 /* XCRemoteSwiftPackageReference "firebase-ios-sdk" */;
			productName = FirebaseAnalyticsOnDeviceConversion;
		};
		93433A982B761C7500B79C58 /* FirebaseAnalyticsSwift */ = {
			isa = XCSwiftPackageProductDependency;
			package = 93433A7F2B761BC500B79C58 /* XCRemoteSwiftPackageReference "firebase-ios-sdk" */;
			productName = FirebaseAnalyticsSwift;
		};
		93433A9A2B761C7500B79C58 /* FirebaseAnalyticsWithoutAdIdSupport */ = {
			isa = XCSwiftPackageProductDependency;
			package = 93433A7F2B761BC500B79C58 /* XCRemoteSwiftPackageReference "firebase-ios-sdk" */;
			productName = FirebaseAnalyticsWithoutAdIdSupport;
		};
		93433A9C2B761C7500B79C58 /* FirebaseAppCheck */ = {
			isa = XCSwiftPackageProductDependency;
			package = 93433A7F2B761BC500B79C58 /* XCRemoteSwiftPackageReference "firebase-ios-sdk" */;
			productName = FirebaseAppCheck;
		};
		93433AA12B7625EC00B79C58 /* FirebaseFirestore */ = {
			isa = XCSwiftPackageProductDependency;
			package = 93433A7F2B761BC500B79C58 /* XCRemoteSwiftPackageReference "firebase-ios-sdk" */;
			productName = FirebaseFirestore;
		};
		93433AA32B76260700B79C58 /* FirebaseAuth */ = {
			isa = XCSwiftPackageProductDependency;
			package = 93433A7F2B761BC500B79C58 /* XCRemoteSwiftPackageReference "firebase-ios-sdk" */;
			productName = FirebaseAuth;
		};
/* End XCSwiftPackageProductDependency section */
	};
	rootObject = 7F27AF4E2B2379B000827166 /* Project object */;
}
